lockfileVersion: '9.0'

settings:
  autoInstallPeers: true
  excludeLinksFromLockfile: false

importers:

  .:
    dependencies:
      '@types/vscode':
        specifier: ^1.100.0
        version: 1.100.0
      '@vscode/prompt-tsx':
        specifier: 0.4.0-alpha.4
        version: 0.4.0-alpha.4

packages:

  '@types/vscode@1.100.0':
    resolution: {integrity: sha512-4uNyvzHoraXEeCamR3+fzcBlh7Afs4Ifjs4epINyUX/jvdk0uzLnwiDY35UKDKnkCHP5Nu3dljl2H8lR6s+rQw==}

  '@vscode/prompt-tsx@0.4.0-alpha.4':
    resolution: {integrity: sha512-iSFpeKutM/i2Gw41q3T/sKOTO1yqaFieh2jYcprwlkgzCAkNuhpeGwY84FnqW9Nwb8SfmaBqGtrGYX694TX7NQ==}

snapshots:

  '@types/vscode@1.100.0': {}

  '@vscode/prompt-tsx@0.4.0-alpha.4': {}
